
Microsoft Visual Studio Solution File, Format Version 12.00
# Visual Studio Version 17
VisualStudioVersion = 17.0.31611.283
MinimumVisualStudioVersion = 10.0.40219.1
Project("{9A19103F-16F7-4668-BE54-9A1E7A4F7556}") = "MauiApp8", "MauiApp8\MauiApp8.csproj", "{5F5DEB0C-0B20-4A08-AF57-69D3F43B3D4B}"
EndProject
Global
	GlobalSection(SolutionConfigurationPlatforms) = preSolution
		Debug|Any CPU = Debug|Any CPU
		Release|Any CPU = Release|Any CPU
	EndGlobalSection
	GlobalSection(ProjectConfigurationPlatforms) = postSolution
		{5F5DEB0C-0B20-4A08-AF57-69D3F43B3D4B}.Debug|Any CPU.ActiveCfg = Debug|Any CPU
		{5F5DEB0C-0B20-4A08-AF57-69D3F43B3D4B}.Debug|Any CPU.Build.0 = Debug|Any CPU
		{5F5DEB0C-0B20-4A08-AF57-69D3F43B3D4B}.Debug|Any CPU.Deploy.0 = Debug|Any CPU
		{5F5DEB0C-0B20-4A08-AF57-69D3F43B3D4B}.Release|Any CPU.ActiveCfg = Release|Any CPU
		{5F5DEB0C-0B20-4A08-AF57-69D3F43B3D4B}.Release|Any CPU.Build.0 = Release|Any CPU
		{5F5DEB0C-0B20-4A08-AF57-69D3F43B3D4B}.Release|Any CPU.Deploy.0 = Release|Any CPU
	EndGlobalSection
	GlobalSection(SolutionProperties) = preSolution
		HideSolutionNode = FALSE
	EndGlobalSection
	GlobalSection(ExtensibilityGlobals) = postSolution
		SolutionGuid = {61F7FB11-1E47-470C-91E2-47F8143E1572}
	EndGlobalSection
EndGlobal
